// !$*UTF8*$!
{
	archiveVersion = 1;
	classes = {
	};
	objectVersion = 50;
	objects = {

/* Begin PBXBuildFile section */
		D9F688922354994B00B7F4C5 /* AppDelegate.swift in Sources */ = {isa = PBXBuildFile; fileRef = D9F688912354994B00B7F4C5 /* AppDelegate.swift */; };
		D9F688942354994B00B7F4C5 /* MainVC.swift in Sources */ = {isa = PBXBuildFile; fileRef = D9F688932354994B00B7F4C5 /* MainVC.swift */; };
		D9F688972354994B00B7F4C5 /* Main.storyboard in Resources */ = {isa = PBXBuildFile; fileRef = D9F688952354994B00B7F4C5 /* Main.storyboard */; };
		D9F688992354994D00B7F4C5 /* Assets.xcassets in Resources */ = {isa = PBXBuildFile; fileRef = D9F688982354994D00B7F4C5 /* Assets.xcassets */; };
		D9F6889C2354994D00B7F4C5 /* LaunchScreen.storyboard in Resources */ = {isa = PBXBuildFile; fileRef = D9F6889A2354994D00B7F4C5 /* LaunchScreen.storyboard */; };
		D9F688A72354994E00B7F4C5 /* accelerometronTests.swift in Sources */ = {isa = PBXBuildFile; fileRef = D9F688A62354994E00B7F4C5 /* accelerometronTests.swift */; };
		D9F688B22354994E00B7F4C5 /* accelerometronUITests.swift in Sources */ = {isa = PBXBuildFile; fileRef = D9F688B12354994E00B7F4C5 /* accelerometronUITests.swift */; };
		D9F688C323549D6500B7F4C5 /* ListCell.swift in Sources */ = {isa = PBXBuildFile; fileRef = D9F688C223549D6500B7F4C5 /* ListCell.swift */; };
		D9F688C523549D7C00B7F4C5 /* List.swift in Sources */ = {isa = PBXBuildFile; fileRef = D9F688C423549D7C00B7F4C5 /* List.swift */; };
		D9F688C82354A04F00B7F4C5 /* Services.swift in Sources */ = {isa = PBXBuildFile; fileRef = D9F688C72354A04F00B7F4C5 /* Services.swift */; };
/* End PBXBuildFile section */

/* Begin PBXContainerItemProxy section */
		D9F688A32354994E00B7F4C5 /* PBXContainerItemProxy */ = {
			isa = PBXContainerItemProxy;
			containerPortal = D9F688862354994B00B7F4C5 /* Project object */;
			proxyType = 1;
			remoteGlobalIDString = D9F6888D2354994B00B7F4C5;
			remoteInfo = accelerometron;
		};
		D9F688AE2354994E00B7F4C5 /* PBXContainerItemProxy */ = {
			isa = PBXContainerItemProxy;
			containerPortal = D9F688862354994B00B7F4C5 /* Project object */;
			proxyType = 1;
			remoteGlobalIDString = D9F6888D2354994B00B7F4C5;
			remoteInfo = accelerometron;
		};
/* End PBXContainerItemProxy section */

/* Begin PBXFileReference section */
		D9F6888E2354994B00B7F4C5 /* accelerometron.app */ = {isa = PBXFileReference; explicitFileType = wrapper.application; includeInIndex = 0; path = accelerometron.app; sourceTree = BUILT_PRODUCTS_DIR; };
		D9F688912354994B00B7F4C5 /* AppDelegate.swift */ = {isa = PBXFileReference; lastKnownFileType = sourcecode.swift; path = AppDelegate.swift; sourceTree = "<group>"; };
		D9F688932354994B00B7F4C5 /* MainVC.swift */ = {isa = PBXFileReference; lastKnownFileType = sourcecode.swift; path = MainVC.swift; sourceTree = "<group>"; };
		D9F688962354994B00B7F4C5 /* Base */ = {isa = PBXFileReference; lastKnownFileType = file.storyboard; name = Base; path = Base.lproj/Main.storyboard; sourceTree = "<group>"; };
		D9F688982354994D00B7F4C5 /* Assets.xcassets */ = {isa = PBXFileReference; lastKnownFileType = folder.assetcatalog; path = Assets.xcassets; sourceTree = "<group>"; };
		D9F6889B2354994D00B7F4C5 /* Base */ = {isa = PBXFileReference; lastKnownFileType = file.storyboard; name = Base; path = Base.lproj/LaunchScreen.storyboard; sourceTree = "<group>"; };
		D9F6889D2354994D00B7F4C5 /* Info.plist */ = {isa = PBXFileReference; lastKnownFileType = text.plist.xml; path = Info.plist; sourceTree = "<group>"; };
		D9F688A22354994E00B7F4C5 /* accelerometronTests.xctest */ = {isa = PBXFileReference; explicitFileType = wrapper.cfbundle; includeInIndex = 0; path = accelerometronTests.xctest; sourceTree = BUILT_PRODUCTS_DIR; };
		D9F688A62354994E00B7F4C5 /* accelerometronTests.swift */ = {isa = PBXFileReference; lastKnownFileType = sourcecode.swift; path = accelerometronTests.swift; sourceTree = "<group>"; };
		D9F688A82354994E00B7F4C5 /* Info.plist */ = {isa = PBXFileReference; lastKnownFileType = text.plist.xml; path = Info.plist; sourceTree = "<group>"; };
		D9F688AD2354994E00B7F4C5 /* accelerometronUITests.xctest */ = {isa = PBXFileReference; explicitFileType = wrapper.cfbundle; includeInIndex = 0; path = accelerometronUITests.xctest; sourceTree = BUILT_PRODUCTS_DIR; };
		D9F688B12354994E00B7F4C5 /* accelerometronUITests.swift */ = {isa = PBXFileReference; lastKnownFileType = sourcecode.swift; path = accelerometronUITests.swift; sourceTree = "<group>"; };
		D9F688B32354994E00B7F4C5 /* Info.plist */ = {isa = PBXFileReference; lastKnownFileType = text.plist.xml; path = Info.plist; sourceTree = "<group>"; };
		D9F688C223549D6500B7F4C5 /* ListCell.swift */ = {isa = PBXFileReference; lastKnownFileType = sourcecode.swift; path = ListCell.swift; sourceTree = "<group>"; };
		D9F688C423549D7C00B7F4C5 /* List.swift */ = {isa = PBXFileReference; lastKnownFileType = sourcecode.swift; path = List.swift; sourceTree = "<group>"; };
		D9F688C72354A04F00B7F4C5 /* Services.swift */ = {isa = PBXFileReference; lastKnownFileType = sourcecode.swift; path = Services.swift; sourceTree = "<group>"; };
/* End PBXFileReference section */

/* Begin PBXFrameworksBuildPhase section */
		D9F6888B2354994B00B7F4C5 /* Frameworks */ = {
			isa = PBXFrameworksBuildPhase;
			buildActionMask = 2147483647;
			files = (
			);
			runOnlyForDeploymentPostprocessing = 0;
		};
		D9F6889F2354994E00B7F4C5 /* Frameworks */ = {
			isa = PBXFrameworksBuildPhase;
			buildActionMask = 2147483647;
			files = (
			);
			runOnlyForDeploymentPostprocessing = 0;
		};
		D9F688AA2354994E00B7F4C5 /* Frameworks */ = {
			isa = PBXFrameworksBuildPhase;
			buildActionMask = 2147483647;
			files = (
			);
			runOnlyForDeploymentPostprocessing = 0;
		};
/* End PBXFrameworksBuildPhase section */

/* Begin PBXGroup section */
		D9F688852354994B00B7F4C5 = {
			isa = PBXGroup;
			children = (
				D9F688902354994B00B7F4C5 /* accelerometron */,
				D9F688A52354994E00B7F4C5 /* accelerometronTests */,
				D9F688B02354994E00B7F4C5 /* accelerometronUITests */,
				D9F6888F2354994B00B7F4C5 /* Products */,
			);
			sourceTree = "<group>";
		};
		D9F6888F2354994B00B7F4C5 /* Products */ = {
			isa = PBXGroup;
			children = (
				D9F6888E2354994B00B7F4C5 /* accelerometron.app */,
				D9F688A22354994E00B7F4C5 /* accelerometronTests.xctest */,
				D9F688AD2354994E00B7F4C5 /* accelerometronUITests.xctest */,
			);
			name = Products;
			sourceTree = "<group>";
		};
		D9F688902354994B00B7F4C5 /* accelerometron */ = {
			isa = PBXGroup;
			children = (
				D9F688C62354A03A00B7F4C5 /* Services */,
				D9F688C1235499D100B7F4C5 /* Model */,
				D9F688C0235499C900B7F4C5 /* View */,
				D9F688BF235499B500B7F4C5 /* Controller */,
				D9F688912354994B00B7F4C5 /* AppDelegate.swift */,
				D9F688952354994B00B7F4C5 /* Main.storyboard */,
				D9F688982354994D00B7F4C5 /* Assets.xcassets */,
				D9F6889A2354994D00B7F4C5 /* LaunchScreen.storyboard */,
				D9F6889D2354994D00B7F4C5 /* Info.plist */,
			);
			path = accelerometron;
			sourceTree = "<group>";
		};
		D9F688A52354994E00B7F4C5 /* accelerometronTests */ = {
			isa = PBXGroup;
			children = (
				D9F688A62354994E00B7F4C5 /* accelerometronTests.swift */,
				D9F688A82354994E00B7F4C5 /* Info.plist */,
			);
			path = accelerometronTests;
			sourceTree = "<group>";
		};
		D9F688B02354994E00B7F4C5 /* accelerometronUITests */ = {
			isa = PBXGroup;
			children = (
				D9F688B12354994E00B7F4C5 /* accelerometronUITests.swift */,
				D9F688B32354994E00B7F4C5 /* Info.plist */,
			);
			path = accelerometronUITests;
			sourceTree = "<group>";
		};
		D9F688BF235499B500B7F4C5 /* Controller */ = {
			isa = PBXGroup;
			children = (
				D9F688932354994B00B7F4C5 /* MainVC.swift */,
			);
			path = Controller;
			sourceTree = "<group>";
		};
		D9F688C0235499C900B7F4C5 /* View */ = {
			isa = PBXGroup;
			children = (
				D9F688C223549D6500B7F4C5 /* ListCell.swift */,
			);
			path = View;
			sourceTree = "<group>";
		};
		D9F688C1235499D100B7F4C5 /* Model */ = {
			isa = PBXGroup;
			children = (
				D9F688C423549D7C00B7F4C5 /* List.swift */,
			);
			path = Model;
			sourceTree = "<group>";
		};
		D9F688C62354A03A00B7F4C5 /* Services */ = {
			isa = PBXGroup;
			children = (
				D9F688C72354A04F00B7F4C5 /* Services.swift */,
			);
			path = Services;
			sourceTree = "<group>";
		};
/* End PBXGroup section */

/* Begin PBXNativeTarget section */
		D9F6888D2354994B00B7F4C5 /* accelerometron */ = {
			isa = PBXNativeTarget;
			buildConfigurationList = D9F688B62354994E00B7F4C5 /* Build configuration list for PBXNativeTarget "accelerometron" */;
			buildPhases = (
				D9F6888A2354994B00B7F4C5 /* Sources */,
				D9F6888B2354994B00B7F4C5 /* Frameworks */,
				D9F6888C2354994B00B7F4C5 /* Resources */,
			);
			buildRules = (
			);
			dependencies = (
			);
			name = accelerometron;
			productName = accelerometron;
			productReference = D9F6888E2354994B00B7F4C5 /* accelerometron.app */;
			productType = "com.apple.product-type.application";
		};
		D9F688A12354994E00B7F4C5 /* accelerometronTests */ = {
			isa = PBXNativeTarget;
			buildConfigurationList = D9F688B92354994E00B7F4C5 /* Build configuration list for PBXNativeTarget "accelerometronTests" */;
			buildPhases = (
				D9F6889E2354994E00B7F4C5 /* Sources */,
				D9F6889F2354994E00B7F4C5 /* Frameworks */,
				D9F688A02354994E00B7F4C5 /* Resources */,
			);
			buildRules = (
			);
			dependencies = (
				D9F688A42354994E00B7F4C5 /* PBXTargetDependency */,
			);
			name = accelerometronTests;
			productName = accelerometronTests;
			productReference = D9F688A22354994E00B7F4C5 /* accelerometronTests.xctest */;
			productType = "com.apple.product-type.bundle.unit-test";
		};
		D9F688AC2354994E00B7F4C5 /* accelerometronUITests */ = {
			isa = PBXNativeTarget;
			buildConfigurationList = D9F688BC2354994E00B7F4C5 /* Build configuration list for PBXNativeTarget "accelerometronUITests" */;
			buildPhases = (
				D9F688A92354994E00B7F4C5 /* Sources */,
				D9F688AA2354994E00B7F4C5 /* Frameworks */,
				D9F688AB2354994E00B7F4C5 /* Resources */,
			);
			buildRules = (
			);
			dependencies = (
				D9F688AF2354994E00B7F4C5 /* PBXTargetDependency */,
			);
			name = accelerometronUITests;
			productName = accelerometronUITests;
			productReference = D9F688AD2354994E00B7F4C5 /* accelerometronUITests.xctest */;
			productType = "com.apple.product-type.bundle.ui-testing";
		};
/* End PBXNativeTarget section */

/* Begin PBXProject section */
		D9F688862354994B00B7F4C5 /* Project object */ = {
			isa = PBXProject;
			attributes = {
				LastSwiftUpdateCheck = 1020;
				LastUpgradeCheck = 1020;
				ORGANIZATIONNAME = MOHAMED;
				TargetAttributes = {
					D9F6888D2354994B00B7F4C5 = {
						CreatedOnToolsVersion = 10.2.1;
					};
					D9F688A12354994E00B7F4C5 = {
						CreatedOnToolsVersion = 10.2.1;
						TestTargetID = D9F6888D2354994B00B7F4C5;
					};
					D9F688AC2354994E00B7F4C5 = {
						CreatedOnToolsVersion = 10.2.1;
						TestTargetID = D9F6888D2354994B00B7F4C5;
					};
				};
			};
			buildConfigurationList = D9F688892354994B00B7F4C5 /* Build configuration list for PBXProject "accelerometron" */;
			compatibilityVersion = "Xcode 9.3";
			developmentRegion = en;
			hasScannedForEncodings = 0;
			knownRegions = (
				en,
				Base,
			);
			mainGroup = D9F688852354994B00B7F4C5;
			productRefGroup = D9F6888F2354994B00B7F4C5 /* Products */;
			projectDirPath = "";
			projectRoot = "";
			targets = (
				D9F6888D2354994B00B7F4C5 /* accelerometron */,
				D9F688A12354994E00B7F4C5 /* accelerometronTests */,
				D9F688AC2354994E00B7F4C5 /* accelerometronUITests */,
			);
		};
/* End PBXProject section */

/* Begin PBXResourcesBuildPhase section */
		D9F6888C2354994B00B7F4C5 /* Resources */ = {
			isa = PBXResourcesBuildPhase;
			buildActionMask = 2147483647;
			files = (
				D9F6889C2354994D00B7F4C5 /* LaunchScreen.storyboard in Resources */,
				D9F688992354994D00B7F4C5 /* Assets.xcassets in Resources */,
				D9F688972354994B00B7F4C5 /* Main.storyboard in Resources */,
			);
			runOnlyForDeploymentPostprocessing = 0;
		};
		D9F688A02354994E00B7F4C5 /* Resources */ = {
			isa = PBXResourcesBuildPhase;
			buildActionMask = 2147483647;
			files = (
			);
			runOnlyForDeploymentPostprocessing = 0;
		};
		D9F688AB2354994E00B7F4C5 /* Resources */ = {
			isa = PBXResourcesBuildPhase;
			buildActionMask = 2147483647;
			files = (
			);
			runOnlyForDeploymentPostprocessing = 0;
		};
/* End PBXResourcesBuildPhase section */

/* Begin PBXSourcesBuildPhase section */
		D9F6888A2354994B00B7F4C5 /* Sources */ = {
			isa = PBXSourcesBuildPhase;
			buildActionMask = 2147483647;
			files = (
				D9F688C82354A04F00B7F4C5 /* Services.swift in Sources */,
				D9F688C323549D6500B7F4C5 /* ListCell.swift in Sources */,
				D9F688C523549D7C00B7F4C5 /* List.swift in Sources */,
				D9F688942354994B00B7F4C5 /* MainVC.swift in Sources */,
				D9F688922354994B00B7F4C5 /* AppDelegate.swift in Sources */,
			);
			runOnlyForDeploymentPostprocessing = 0;
		};
		D9F6889E2354994E00B7F4C5 /* Sources */ = {
			isa = PBXSourcesBuildPhase;
			buildActionMask = 2147483647;
			files = (
				D9F688A72354994E00B7F4C5 /* accelerometronTests.swift in Sources */,
			);
			runOnlyForDeploymentPostprocessing = 0;
		};
		D9F688A92354994E00B7F4C5 /* Sources */ = {
			isa = PBXSourcesBuildPhase;
			buildActionMask = 2147483647;
			files = (
				D9F688B22354994E00B7F4C5 /* accelerometronUITests.swift in Sources */,
			);
			runOnlyForDeploymentPostprocessing = 0;
		};
/* End PBXSourcesBuildPhase section */

/* Begin PBXTargetDependency section */
		D9F688A42354994E00B7F4C5 /* PBXTargetDependency */ = {
			isa = PBXTargetDependency;
			target = D9F6888D2354994B00B7F4C5 /* accelerometron */;
			targetProxy = D9F688A32354994E00B7F4C5 /* PBXContainerItemProxy */;
		};
		D9F688AF2354994E00B7F4C5 /* PBXTargetDependency */ = {
			isa = PBXTargetDependency;
			target = D9F6888D2354994B00B7F4C5 /* accelerometron */;
			targetProxy = D9F688AE2354994E00B7F4C5 /* PBXContainerItemProxy */;
		};
/* End PBXTargetDependency section */

/* Begin PBXVariantGroup section */
		D9F688952354994B00B7F4C5 /* Main.storyboard */ = {
			isa = PBXVariantGroup;
			children = (
				D9F688962354994B00B7F4C5 /* Base */,
			);
			name = Main.storyboard;
			sourceTree = "<group>";
		};
		D9F6889A2354994D00B7F4C5 /* LaunchScreen.storyboard */ = {
			isa = PBXVariantGroup;
			children = (
				D9F6889B2354994D00B7F4C5 /* Base */,
			);
			name = LaunchScreen.storyboard;
			sourceTree = "<group>";
		};
/* End PBXVariantGroup section */

/* Begin XCBuildConfiguration section */
		D9F688B42354994E00B7F4C5 /* Debug */ = {
			isa = XCBuildConfiguration;
			buildSettings = {
				ALWAYS_SEARCH_USER_PATHS = NO;
				CLANG_ANALYZER_NONNULL = YES;
				CLANG_ANALYZER_NUMBER_OBJECT_CONVERSION = YES_AGGRESSIVE;
				CLANG_CXX_LANGUAGE_STANDARD = "gnu++14";
				CLANG_CXX_LIBRARY = "libc++";
				CLANG_ENABLE_MODULES = YES;
				CLANG_ENABLE_OBJC_ARC = YES;
				CLANG_ENABLE_OBJC_WEAK = YES;
				CLANG_WARN_BLOCK_CAPTURE_AUTORELEASING = YES;
				CLANG_WARN_BOOL_CONVERSION = YES;
				CLANG_WARN_COMMA = YES;
				CLANG_WARN_CONSTANT_CONVERSION = YES;
				CLANG_WARN_DEPRECATED_OBJC_IMPLEMENTATIONS = YES;
				CLANG_WARN_DIRECT_OBJC_ISA_USAGE = YES_ERROR;
				CLANG_WARN_DOCUMENTATION_COMMENTS = YES;
				CLANG_WARN_EMPTY_BODY = YES;
				CLANG_WARN_ENUM_CONVERSION = YES;
				CLANG_WARN_INFINITE_RECURSION = YES;
				CLANG_WARN_INT_CONVERSION = YES;
				CLANG_WARN_NON_LITERAL_NULL_CONVERSION = YES;
				CLANG_WARN_OBJC_IMPLICIT_RETAIN_SELF = YES;
				CLANG_WARN_OBJC_LITERAL_CONVERSION = YES;
				CLANG_WARN_OBJC_ROOT_CLASS = YES_ERROR;
				CLANG_WARN_RANGE_LOOP_ANALYSIS = YES;
				CLANG_WARN_STRICT_PROTOTYPES = YES;
				CLANG_WARN_SUSPICIOUS_MOVE = YES;
				CLANG_WARN_UNGUARDED_AVAILABILITY = YES_AGGRESSIVE;
				CLANG_WARN_UNREACHABLE_CODE = YES;
				CLANG_WARN__DUPLICATE_METHOD_MATCH = YES;
				CODE_SIGN_IDENTITY = "iPhone Developer";
				COPY_PHASE_STRIP = NO;
				DEBUG_INFORMATION_FORMAT = dwarf;
				ENABLE_STRICT_OBJC_MSGSEND = YES;
				ENABLE_TESTABILITY = YES;
				GCC_C_LANGUAGE_STANDARD = gnu11;
				GCC_DYNAMIC_NO_PIC = NO;
				GCC_NO_COMMON_BLOCKS = YES;
				GCC_OPTIMIZATION_LEVEL = 0;
				GCC_PREPROCESSOR_DEFINITIONS = (
					"DEBUG=1",
					"$(inherited)",
				);
				GCC_WARN_64_TO_32_BIT_CONVERSION = YES;
				GCC_WARN_ABOUT_RETURN_TYPE = YES_ERROR;
				GCC_WARN_UNDECLARED_SELECTOR = YES;
				GCC_WARN_UNINITIALIZED_AUTOS = YES_AGGRESSIVE;
				GCC_WARN_UNUSED_FUNCTION = YES;
				GCC_WARN_UNUSED_VARIABLE = YES;
				IPHONEOS_DEPLOYMENT_TARGET = 12.2;
				MTL_ENABLE_DEBUG_INFO = INCLUDE_SOURCE;
				MTL_FAST_MATH = YES;
				ONLY_ACTIVE_ARCH = YES;
				SDKROOT = iphoneos;
				SWIFT_ACTIVE_COMPILATION_CONDITIONS = DEBUG;
				SWIFT_OPTIMIZATION_LEVEL = "-Onone";
			};
			name = Debug;
		};
		D9F688B52354994E00B7F4C5 /* Release */ = {
			isa = XCBuildConfiguration;
			buildSettings = {
				ALWAYS_SEARCH_USER_PATHS = NO;
				CLANG_ANALYZER_NONNULL = YES;
				CLANG_ANALYZER_NUMBER_OBJECT_CONVERSION = YES_AGGRESSIVE;
				CLANG_CXX_LANGUAGE_STANDARD = "gnu++14";
				CLANG_CXX_LIBRARY = "libc++";
				CLANG_ENABLE_MODULES = YES;
				CLANG_ENABLE_OBJC_ARC = YES;
				CLANG_ENABLE_OBJC_WEAK = YES;
				CLANG_WARN_BLOCK_CAPTURE_AUTORELEASING = YES;
				CLANG_WARN_BOOL_CONVERSION = YES;
				CLANG_WARN_COMMA = YES;
				CLANG_WARN_CONSTANT_CONVERSION = YES;
				CLANG_WARN_DEPRECATED_OBJC_IMPLEMENTATIONS = YES;
				CLANG_WARN_DIRECT_OBJC_ISA_USAGE = YES_ERROR;
				CLANG_WARN_DOCUMENTATION_COMMENTS = YES;
				CLANG_WARN_EMPTY_BODY = YES;
				CLANG_WARN_ENUM_CONVERSION = YES;
				CLANG_WARN_INFINITE_RECURSION = YES;
				CLANG_WARN_INT_CONVERSION = YES;
				CLANG_WARN_NON_LITERAL_NULL_CONVERSION = YES;
				CLANG_WARN_OBJC_IMPLICIT_RETAIN_SELF = YES;
				CLANG_WARN_OBJC_LITERAL_CONVERSION = YES;
				CLANG_WARN_OBJC_ROOT_CLASS = YES_ERROR;
				CLANG_WARN_RANGE_LOOP_ANALYSIS = YES;
				CLANG_WARN_STRICT_PROTOTYPES = YES;
				CLANG_WARN_SUSPICIOUS_MOVE = YES;
				CLANG_WARN_UNGUARDED_AVAILABILITY = YES_AGGRESSIVE;
				CLANG_WARN_UNREACHABLE_CODE = YES;
				CLANG_WARN__DUPLICATE_METHOD_MATCH = YES;
				CODE_SIGN_IDENTITY = "iPhone Developer";
				COPY_PHASE_STRIP = NO;
				DEBUG_INFORMATION_FORMAT = "dwarf-with-dsym";
				ENABLE_NS_ASSERTIONS = NO;
				ENABLE_STRICT_OBJC_MSGSEND = YES;
				GCC_C_LANGUAGE_STANDARD = gnu11;
				GCC_NO_COMMON_BLOCKS = YES;
				GCC_WARN_64_TO_32_BIT_CONVERSION = YES;
				GCC_WARN_ABOUT_RETURN_TYPE = YES_ERROR;
				GCC_WARN_UNDECLARED_SELECTOR = YES;
				GCC_WARN_UNINITIALIZED_AUTOS = YES_AGGRESSIVE;
				GCC_WARN_UNUSED_FUNCTION = YES;
				GCC_WARN_UNUSED_VARIABLE = YES;
				IPHONEOS_DEPLOYMENT_TARGET = 12.2;
				MTL_ENABLE_DEBUG_INFO = NO;
				MTL_FAST_MATH = YES;
				SDKROOT = iphoneos;
				SWIFT_COMPILATION_MODE = wholemodule;
				SWIFT_OPTIMIZATION_LEVEL = "-O";
				VALIDATE_PRODUCT = YES;
			};
			name = Release;
		};
		D9F688B72354994E00B7F4C5 /* Debug */ = {
			isa = XCBuildConfiguration;
			buildSettings = {
				ASSETCATALOG_COMPILER_APPICON_NAME = AppIcon;
				CODE_SIGN_STYLE = Automatic;
				INFOPLIST_FILE = accelerometron/Info.plist;
				LD_RUNPATH_SEARCH_PATHS = (
					"$(inherited)",
					"@executable_path/Frameworks",
				);
				PRODUCT_BUNDLE_IDENTIFIER = MOHAMED.accelerometron;
				PRODUCT_NAME = "$(TARGET_NAME)";
				SWIFT_VERSION = 5.0;
				TARGETED_DEVICE_FAMILY = "1,2";
			};
			name = Debug;
		};
		D9F688B82354994E00B7F4C5 /* Release */ = {
			isa = XCBuildConfiguration;
			buildSettings = {
				ASSETCATALOG_COMPILER_APPICON_NAME = AppIcon;
				CODE_SIGN_STYLE = Automatic;
				INFOPLIST_FILE = accelerometron/Info.plist;
				LD_RUNPATH_SEARCH_PATHS = (
					"$(inherited)",
					"@executable_path/Frameworks",
				);
				PRODUCT_BUNDLE_IDENTIFIER = MOHAMED.accelerometron;
				PRODUCT_NAME = "$(TARGET_NAME)";
				SWIFT_VERSION = 5.0;
				TARGETED_DEVICE_FAMILY = "1,2";
			};
			name = Release;
		};
		D9F688BA2354994E00B7F4C5 /* Debug */ = {
			isa = XCBuildConfiguration;
			buildSettings = {
				ALWAYS_EMBED_SWIFT_STANDARD_LIBRARIES = YES;
				BUNDLE_LOADER = "$(TEST_HOST)";
				CODE_SIGN_STYLE = Automatic;
				INFOPLIST_FILE = accelerometronTests/Info.plist;
				LD_RUNPATH_SEARCH_PATHS = (
					"$(inherited)",
					"@executable_path/Frameworks",
					"@loader_path/Frameworks",
				);
				PRODUCT_BUNDLE_IDENTIFIER = MOHAMED.accelerometronTests;
				PRODUCT_NAME = "$(TARGET_NAME)";
				SWIFT_VERSION = 5.0;
				TARGETED_DEVICE_FAMILY = "1,2";
				TEST_HOST = "$(BUILT_PRODUCTS_DIR)/accelerometron.app/accelerometron";
			};
			name = Debug;
		};
		D9F688BB2354994E00B7F4C5 /* Release */ = {
			isa = XCBuildConfiguration;
			buildSettings = {
				ALWAYS_EMBED_SWIFT_STANDARD_LIBRARIES = YES;
				BUNDLE_LOADER = "$(TEST_HOST)";
				CODE_SIGN_STYLE = Automatic;
				INFOPLIST_FILE = accelerometronTests/Info.plist;
				LD_RUNPATH_SEARCH_PATHS = (
					"$(inherited)",
					"@executable_path/Frameworks",
					"@loader_path/Frameworks",
				);
				PRODUCT_BUNDLE_IDENTIFIER = MOHAMED.accelerometronTests;
				PRODUCT_NAME = "$(TARGET_NAME)";
				SWIFT_VERSION = 5.0;
				TARGETED_DEVICE_FAMILY = "1,2";
				TEST_HOST = "$(BUILT_PRODUCTS_DIR)/accelerometron.app/accelerometron";
			};
			name = Release;
		};
		D9F688BD2354994E00B7F4C5 /* Debug */ = {
			isa = XCBuildConfiguration;
			buildSettings = {
				ALWAYS_EMBED_SWIFT_STANDARD_LIBRARIES = YES;
				CODE_SIGN_STYLE = Automatic;
				INFOPLIST_FILE = accelerometronUITests/Info.plist;
				LD_RUNPATH_SEARCH_PATHS = (
					"$(inherited)",
					"@executable_path/Frameworks",
					"@loader_path/Frameworks",
				);
				PRODUCT_BUNDLE_IDENTIFIER = MOHAMED.accelerometronUITests;
				PRODUCT_NAME = "$(TARGET_NAME)";
				SWIFT_VERSION = 5.0;
				TARGETED_DEVICE_FAMILY = "1,2";
				TEST_TARGET_NAME = accelerometron;
			};
			name = Debug;
		};
		D9F688BE2354994E00B7F4C5 /* Release */ = {
			isa = XCBuildConfiguration;
			buildSettings = {
				ALWAYS_EMBED_SWIFT_STANDARD_LIBRARIES = YES;
				CODE_SIGN_STYLE = Automatic;
				INFOPLIST_FILE = accelerometronUITests/Info.plist;
				LD_RUNPATH_SEARCH_PATHS = (
					"$(inherited)",
					"@executable_path/Frameworks",
					"@loader_path/Frameworks",
				);
				PRODUCT_BUNDLE_IDENTIFIER = MOHAMED.accelerometronUITests;
				PRODUCT_NAME = "$(TARGET_NAME)";
				SWIFT_VERSION = 5.0;
				TARGETED_DEVICE_FAMILY = "1,2";
				TEST_TARGET_NAME = accelerometron;
			};
			name = Release;
		};
/* End XCBuildConfiguration section */

/* Begin XCConfigurationList section */
		D9F688892354994B00B7F4C5 /* Build configuration list for PBXProject "accelerometron" */ = {
			isa = XCConfigurationList;
			buildConfigurations = (
				D9F688B42354994E00B7F4C5 /* Debug */,
				D9F688B52354994E00B7F4C5 /* Release */,
			);
			defaultConfigurationIsVisible = 0;
			defaultConfigurationName = Release;
		};
		D9F688B62354994E00B7F4C5 /* Build configuration list for PBXNativeTarget "accelerometron" */ = {
			isa = XCConfigurationList;
			buildConfigurations = (
				D9F688B72354994E00B7F4C5 /* Debug */,
				D9F688B82354994E00B7F4C5 /* Release */,
			);
			defaultConfigurationIsVisible = 0;
			defaultConfigurationName = Release;
		};
		D9F688B92354994E00B7F4C5 /* Build configuration list for PBXNativeTarget "accelerometronTests" */ = {
			isa = XCConfigurationList;
			buildConfigurations = (
				D9F688BA2354994E00B7F4C5 /* Debug */,
				D9F688BB2354994E00B7F4C5 /* Release */,
			);
			defaultConfigurationIsVisible = 0;
			defaultConfigurationName = Release;
		};
		D9F688BC2354994E00B7F4C5 /* Build configuration list for PBXNativeTarget "accelerometronUITests" */ = {
			isa = XCConfigurationList;
			buildConfigurations = (
				D9F688BD2354994E00B7F4C5 /* Debug */,
				D9F688BE2354994E00B7F4C5 /* Release */,
			);
			defaultConfigurationIsVisible = 0;
			defaultConfigurationName = Release;
		};
/* End XCConfigurationList section */
	};
	rootObject = D9F688862354994B00B7F4C5 /* Project object */;
}
